
Microsoft Visual Studio Solution File, Format Version 12.00
# Visual Studio Version 17
VisualStudioVersion = 17.9.34728.123
MinimumVisualStudioVersion = 10.0.40219.1
Project("{FAE04EC0-301F-11D3-BF4B-00C04F79EFBC}") = "Capital.Placement.Program.Api", "Capital.Placement.Program.Api\Capital.Placement.Program.Api.csproj", "{FBD6231F-5839-47AE-A0F5-F544E07A29ED}"
EndProject
Project("{FAE04EC0-301F-11D3-BF4B-00C04F79EFBC}") = "Capital.Placement.Program.Data", "Capital.Placement.Program.Data\Capital.Placement.Program.Data.csproj", "{6BB90B25-2721-4BA3-9502-818E00CD825F}"
EndProject
Project("{FAE04EC0-301F-11D3-BF4B-00C04F79EFBC}") = "Capital.Placement.Program.Service", "Capital.Placement.Program.Service\Capital.Placement.Program.Service.csproj", "{50CD4361-E85C-4D1C-8BA8-0F6C999E3252}"
EndProject
Project("{FAE04EC0-301F-11D3-BF4B-00C04F79EFBC}") = "Capital.Placement.Program.UnitTest", "Capital.Placement.Program.UnitTest\Capital.Placement.Program.UnitTest.csproj", "{A12F8B5B-00BD-46E8-8D79-8D370A1931B2}"
EndProject
Global
	GlobalSection(SolutionConfigurationPlatforms) = preSolution
		Debug|Any CPU = Debug|Any CPU
		Release|Any CPU = Release|Any CPU
	EndGlobalSection
	GlobalSection(ProjectConfigurationPlatforms) = postSolution
		{FBD6231F-5839-47AE-A0F5-F544E07A29ED}.Debug|Any CPU.ActiveCfg = Debug|Any CPU
		{FBD6231F-5839-47AE-A0F5-F544E07A29ED}.Debug|Any CPU.Build.0 = Debug|Any CPU
		{FBD6231F-5839-47AE-A0F5-F544E07A29ED}.Release|Any CPU.ActiveCfg = Release|Any CPU
		{FBD6231F-5839-47AE-A0F5-F544E07A29ED}.Release|Any CPU.Build.0 = Release|Any CPU
		{6BB90B25-2721-4BA3-9502-818E00CD825F}.Debug|Any CPU.ActiveCfg = Debug|Any CPU
		{6BB90B25-2721-4BA3-9502-818E00CD825F}.Debug|Any CPU.Build.0 = Debug|Any CPU
		{6BB90B25-2721-4BA3-9502-818E00CD825F}.Release|Any CPU.ActiveCfg = Release|Any CPU
		{6BB90B25-2721-4BA3-9502-818E00CD825F}.Release|Any CPU.Build.0 = Release|Any CPU
		{50CD4361-E85C-4D1C-8BA8-0F6C999E3252}.Debug|Any CPU.ActiveCfg = Debug|Any CPU
		{50CD4361-E85C-4D1C-8BA8-0F6C999E3252}.Debug|Any CPU.Build.0 = Debug|Any CPU
		{50CD4361-E85C-4D1C-8BA8-0F6C999E3252}.Release|Any CPU.ActiveCfg = Release|Any CPU
		{50CD4361-E85C-4D1C-8BA8-0F6C999E3252}.Release|Any CPU.Build.0 = Release|Any CPU
		{A12F8B5B-00BD-46E8-8D79-8D370A1931B2}.Debug|Any CPU.ActiveCfg = Debug|Any CPU
		{A12F8B5B-00BD-46E8-8D79-8D370A1931B2}.Debug|Any CPU.Build.0 = Debug|Any CPU
		{A12F8B5B-00BD-46E8-8D79-8D370A1931B2}.Release|Any CPU.ActiveCfg = Release|Any CPU
		{A12F8B5B-00BD-46E8-8D79-8D370A1931B2}.Release|Any CPU.Build.0 = Release|Any CPU
	EndGlobalSection
	GlobalSection(SolutionProperties) = preSolution
		HideSolutionNode = FALSE
	EndGlobalSection
	GlobalSection(ExtensibilityGlobals) = postSolution
		SolutionGuid = {617F08ED-D3EC-4151-AC38-1E33CC534938}
	EndGlobalSection
EndGlobal
